
Microsoft Visual Studio Solution File, Format Version 12.00
# Visual Studio Version 16
VisualStudioVersion = 16.0.32228.343
MinimumVisualStudioVersion = 10.0.40219.1
Project("{FAE04EC0-301F-11D3-BF4B-00C04F79EFBC}") = "Hello", "Hello\Hello.csproj", "{1BFBF81D-2F5B-4118-82BE-8408263FAFDB}"
EndProject
Project("{FAE04EC0-301F-11D3-BF4B-00C04F79EFBC}") = "Mtable", "Mtable\Mtable.csproj", "{ADA1C421-ACC4-4FD9-8436-8CCE9865DCF4}"
EndProject
Project("{FAE04EC0-301F-11D3-BF4B-00C04F79EFBC}") = "Mtable2", "Mtable2\Mtable2.csproj", "{9AA68D28-4477-49CF-BFE9-7FDCADF4F690}"
EndProject
Project("{FAE04EC0-301F-11D3-BF4B-00C04F79EFBC}") = "Calculator", "Calculator\Calculator.csproj", "{84E61E83-FE4F-4CA7-A56A-5F2B84117EB9}"
EndProject
Project("{FAE04EC0-301F-11D3-BF4B-00C04F79EFBC}") = "kopapollo", "kopapollo\kopapollo.csproj", "{107BFA7A-AFF8-49CF-8249-4D9CB8E9C06E}"
EndProject
Project("{FAE04EC0-301F-11D3-BF4B-00C04F79EFBC}") = "Szamkitalalo", "Szamkitalalo\Szamkitalalo.csproj", "{C1DEE4F6-ACBB-4618-9459-9FE2C7C2355B}"
EndProject
Project("{FAE04EC0-301F-11D3-BF4B-00C04F79EFBC}") = "Teszt", "Teszt\Teszt.csproj", "{3FABD5F7-65FF-443B-837D-C47DEAB52AB0}"
EndProject
Project("{FAE04EC0-301F-11D3-BF4B-00C04F79EFBC}") = "MinMax", "MinMax\MinMax.csproj", "{A7468551-A362-4FFD-AC8E-06300A367646}"
EndProject
Project("{FAE04EC0-301F-11D3-BF4B-00C04F79EFBC}") = "Szigetek", "Szigetek\Szigetek.csproj", "{D2B33FA4-CD2E-49E4-9CAB-59591883FA10}"
EndProject
Project("{FAE04EC0-301F-11D3-BF4B-00C04F79EFBC}") = "sziget2", "sziget2\sziget2.csproj", "{E835896C-ABD2-4A7E-BFDC-07FC023E2A54}"
EndProject
Project("{FAE04EC0-301F-11D3-BF4B-00C04F79EFBC}") = "temperature", "temperature\temperature.csproj", "{0B07016C-EEF3-45FC-990C-015412539307}"
EndProject
Project("{FAE04EC0-301F-11D3-BF4B-00C04F79EFBC}") = "Classes", "Classes\Classes.csproj", "{87289A21-434C-42B0-88FF-E4F193FB18D9}"
EndProject
Project("{FAE04EC0-301F-11D3-BF4B-00C04F79EFBC}") = "Matrix", "Matrix\Matrix.csproj", "{B67FAE47-5560-468B-8AB3-15B34F679812}"
EndProject
Project("{FAE04EC0-301F-11D3-BF4B-00C04F79EFBC}") = "KiterjesztMetodus", "KiterjesztMetodus\KiterjesztMetodus.csproj", "{25F28801-C75C-4BF0-AEA4-A71BEF30EBF2}"
EndProject
Project("{FAE04EC0-301F-11D3-BF4B-00C04F79EFBC}") = "Properties", "Properties\Properties.csproj", "{6EACA440-D88D-4ACC-8B58-9889BB58A7FB}"
EndProject
Project("{FAE04EC0-301F-11D3-BF4B-00C04F79EFBC}") = "StatTag", "StatTag\StatTag.csproj", "{D7AF7CB4-4BDC-4596-B1D8-27FC61991F65}"
EndProject
Project("{2150E333-8FDC-42A3-9474-1A3956D46DE8}") = "Orai", "Orai", "{4D4FBA29-9D0D-4394-987F-F3A10B7CD39E}"
EndProject
Project("{FAE04EC0-301F-11D3-BF4B-00C04F79EFBC}") = "Teszt3", "Teszt3\Teszt3.csproj", "{0BFDF464-ADB0-4EE4-9F8B-A8FB21CE1F2C}"
EndProject
Project("{FAE04EC0-301F-11D3-BF4B-00C04F79EFBC}") = "Kivetel", "Kivetel\Kivetel.csproj", "{755A7FCA-06DB-417A-8641-8CC29C2D162A}"
EndProject
Project("{FAE04EC0-301F-11D3-BF4B-00C04F79EFBC}") = "Structura", "Structura\Structura.csproj", "{E807977E-5787-43F7-BBFB-B9C8DE55E1A4}"
EndProject
Project("{FAE04EC0-301F-11D3-BF4B-00C04F79EFBC}") = "StructPelda", "StructPelda\StructPelda.csproj", "{286ECE18-BD00-4DED-9F63-CE647273AEB4}"
EndProject
Project("{FAE04EC0-301F-11D3-BF4B-00C04F79EFBC}") = "Orokles", "Orokles\Orokles.csproj", "{AB59BE22-EC98-410B-9E63-8C68EE94E127}"
EndProject
Project("{2150E333-8FDC-42A3-9474-1A3956D46DE8}") = "Példák", "Példák", "{103A06C2-2617-4979-B92E-1453240040F8}"
EndProject
Project("{FAE04EC0-301F-11D3-BF4B-00C04F79EFBC}") = "FilesIO", "FilesIO\FilesIO.csproj", "{BF8103E4-A7C7-4461-9EA8-1B75C7C8B845}"
EndProject
Project("{9A19103F-16F7-4668-BE54-9A1E7A4F7556}") = "HelloWorldCore", "Példák\HelloWorldCore\HelloWorldCore.csproj", "{8065171C-1458-4F34-973D-3EB50ACC4DCC}"
EndProject
Project("{9A19103F-16F7-4668-BE54-9A1E7A4F7556}") = "HelloWorldTests", "Példák\HelloWorldTests\HelloWorldTests.csproj", "{20EC1196-8590-48EA-871A-5C06986F4605}"
EndProject
Project("{9A19103F-16F7-4668-BE54-9A1E7A4F7556}") = "Negyzet", "Példák\Negyzet\Negyzet.csproj", "{56F83CD6-B43A-490E-8CB1-3392C5DA4B0A}"
EndProject
Project("{9A19103F-16F7-4668-BE54-9A1E7A4F7556}") = "NegyzetTests", "Példák\NegyzetTests\NegyzetTests.csproj", "{C08701F8-9C3C-4AA3-B970-769E6631D20B}"
EndProject
Project("{9A19103F-16F7-4668-BE54-9A1E7A4F7556}") = "NegyzetTests2", "Példák\NegyzetTests2\NegyzetTests2.csproj", "{2FF76ACA-3374-4097-AA92-11C98C941BC0}"
EndProject
Project("{FAE04EC0-301F-11D3-BF4B-00C04F79EFBC}") = "UnitTeszt", "Példák\UnitTeszt\UnitTeszt.csproj", "{266E58B1-250A-4B58-B823-121C5DDE8FA3}"
EndProject
Project("{2150E333-8FDC-42A3-9474-1A3956D46DE8}") = "UnitTests", "UnitTests", "{AC598F3E-FC84-4D82-878C-8526BF946D64}"
EndProject
Project("{9A19103F-16F7-4668-BE54-9A1E7A4F7556}") = "HelloWorld", "UnitTests\HelloWorld\HelloWorld.csproj", "{1E078C17-4D20-44F7-959E-381869AD1B9C}"
EndProject
Project("{9A19103F-16F7-4668-BE54-9A1E7A4F7556}") = "HelloWorldTests", "UnitTests\HelloWorldTests\HelloWorldTests.csproj", "{E498013B-1B89-4271-84AF-BF7881BD1144}"
EndProject
Project("{9A19103F-16F7-4668-BE54-9A1E7A4F7556}") = "Negyzet", "UnitTests\Negyzet\Negyzet.csproj", "{B093C0FF-1AE9-4853-AAF5-8D355D5E6B55}"
EndProject
Project("{9A19103F-16F7-4668-BE54-9A1E7A4F7556}") = "NegyzetTDD", "UnitTests\NegyzetTDD\NegyzetTDD.csproj", "{EB9E152C-654D-4E90-9975-59294C1DE829}"
EndProject
Project("{9A19103F-16F7-4668-BE54-9A1E7A4F7556}") = "NegyzetTDDTests", "UnitTests\NegyzetTDDTests\NegyzetTDDTests.csproj", "{944DEAFF-A35D-493B-9446-52165D8B3044}"
EndProject
Project("{9A19103F-16F7-4668-BE54-9A1E7A4F7556}") = "NegyzetTests", "UnitTests\NegyzetTests\NegyzetTests.csproj", "{F43BA52F-8A94-4E98-BEDB-96FC9EB085FB}"
EndProject
Project("{9A19103F-16F7-4668-BE54-9A1E7A4F7556}") = "NegyzetTests1", "UnitTests\NegyzetTests1\NegyzetTests1.csproj", "{77E4F223-3331-4A63-AB32-FC5D59E5DBE6}"
EndProject
Project("{2150E333-8FDC-42A3-9474-1A3956D46DE8}") = "Gyakorlás", "Gyakorlás", "{58F6797D-FB0E-4F04-9132-9D406AF45261}"
EndProject
Project("{FAE04EC0-301F-11D3-BF4B-00C04F79EFBC}") = "ConsolWrite", "ConsolWrite\ConsolWrite.csproj", "{E8D4CC6F-6878-4877-B8EE-46E053ACAC81}"
EndProject
Project("{FAE04EC0-301F-11D3-BF4B-00C04F79EFBC}") = "ConsoleWriteTest", "ConsoleWriteTest\ConsoleWriteTest.csproj", "{DF6C3EA4-A276-4D0B-A6B3-17BA0FE00B61}"
EndProject
Project("{FAE04EC0-301F-11D3-BF4B-00C04F79EFBC}") = "ConsoleWrite", "ConsoleWrite\ConsoleWrite.csproj", "{E5BFF0E8-E50D-485B-B672-482485E4413A}"
EndProject
Project("{FAE04EC0-301F-11D3-BF4B-00C04F79EFBC}") = "ConsolWriteTest", "ConsolWriteTest\ConsolWriteTest.csproj", "{05D7AA54-0941-483A-BF06-806265BD6BDF}"
EndProject
Project("{FAE04EC0-301F-11D3-BF4B-00C04F79EFBC}") = "Negyszog", "Negyszog\Negyszog.csproj", "{B4D8BB29-5CED-4479-A736-861D13FB4575}"
EndProject
Project("{FAE04EC0-301F-11D3-BF4B-00C04F79EFBC}") = "NegyszogTest", "NegyszogTest\NegyszogTest.csproj", "{6D36590E-134E-491B-AFF5-076284263588}"
EndProject
Project("{2150E333-8FDC-42A3-9474-1A3956D46DE8}") = "16.Listak", "16.Listak", "{10CD6C3C-9448-49FE-B72F-BBFDE53F3032}"
EndProject
Project("{FAE04EC0-301F-11D3-BF4B-00C04F79EFBC}") = "List16_1", "List16_1\List16_1.csproj", "{969DEF1D-8643-4D0F-A86D-F6CFA7B03EEB}"
EndProject
Project("{FAE04EC0-301F-11D3-BF4B-00C04F79EFBC}") = "ListNulla", "ListNulla\ListNulla.csproj", "{970D7821-ACEC-4646-9BF7-205722605DD1}"
EndProject
Project("{FAE04EC0-301F-11D3-BF4B-00C04F79EFBC}") = "Listszam", "Listszam\Listszam.csproj", "{C458C99B-FBDA-4405-92FB-F39C03C65073}"
EndProject
Project("{FAE04EC0-301F-11D3-BF4B-00C04F79EFBC}") = "Listnevek", "Listnevek\Listnevek.csproj", "{747B2389-7680-4A2D-8C0E-5D3FE2ABA0AE}"
EndProject
Project("{FAE04EC0-301F-11D3-BF4B-00C04F79EFBC}") = "Henger", "Henger\Henger.csproj", "{EA544A16-3317-486D-9EFC-60FEB3428CCF}"
EndProject
Project("{FAE04EC0-301F-11D3-BF4B-00C04F79EFBC}") = "HengerTest", "HengerTest\HengerTest.csproj", "{9EF88279-CDA3-487E-8710-633B5216681A}"
EndProject
Project("{2150E333-8FDC-42A3-9474-1A3956D46DE8}") = "18.Rekordok-Listák", "18.Rekordok-Listák", "{2B7D6751-B489-40E2-ACDE-E6B1BFBBF833}"
EndProject
Project("{FAE04EC0-301F-11D3-BF4B-00C04F79EFBC}") = "Beolvas_18_1", "Beolvas_18_1\Beolvas_18_1.csproj", "{4E7063C4-508D-47FD-B20F-0978C16C9101}"
EndProject
Project("{FAE04EC0-301F-11D3-BF4B-00C04F79EFBC}") = "Lapoz_18_2", "Lapoz_18_2\Lapoz_18_2.csproj", "{0FAA5275-0413-4E60-82D2-FB72D95D1846}"
EndProject
Project("{2150E333-8FDC-42A3-9474-1A3956D46DE8}") = "19.Forms", "19.Forms", "{CFD4CEC0-5CB5-44D0-94D9-203866685E0A}"
EndProject
Project("{FAE04EC0-301F-11D3-BF4B-00C04F79EFBC}") = "ElsoForm", "ElsoForm\ElsoForm.csproj", "{7CB1848E-8F9B-456C-9C0C-45C70886F9F7}"
EndProject
Project("{FAE04EC0-301F-11D3-BF4B-00C04F79EFBC}") = "LabelSzoveg", "LabelSzoveg\LabelSzoveg.csproj", "{E2C53794-5851-4931-8971-A14C5E103749}"
EndProject
Project("{FAE04EC0-301F-11D3-BF4B-00C04F79EFBC}") = "FormMozg", "FormMozg\FormMozg.csproj", "{DFA23F8C-D32C-4849-9C2C-A2D3AC46A6AD}"
EndProject
Global
	GlobalSection(SolutionConfigurationPlatforms) = preSolution
		Debug|Any CPU = Debug|Any CPU
		Release|Any CPU = Release|Any CPU
	EndGlobalSection
	GlobalSection(ProjectConfigurationPlatforms) = postSolution
		{1BFBF81D-2F5B-4118-82BE-8408263FAFDB}.Debug|Any CPU.ActiveCfg = Debug|Any CPU
		{1BFBF81D-2F5B-4118-82BE-8408263FAFDB}.Debug|Any CPU.Build.0 = Debug|Any CPU
		{1BFBF81D-2F5B-4118-82BE-8408263FAFDB}.Release|Any CPU.ActiveCfg = Release|Any CPU
		{1BFBF81D-2F5B-4118-82BE-8408263FAFDB}.Release|Any CPU.Build.0 = Release|Any CPU
		{ADA1C421-ACC4-4FD9-8436-8CCE9865DCF4}.Debug|Any CPU.ActiveCfg = Debug|Any CPU
		{ADA1C421-ACC4-4FD9-8436-8CCE9865DCF4}.Debug|Any CPU.Build.0 = Debug|Any CPU
		{ADA1C421-ACC4-4FD9-8436-8CCE9865DCF4}.Release|Any CPU.ActiveCfg = Release|Any CPU
		{ADA1C421-ACC4-4FD9-8436-8CCE9865DCF4}.Release|Any CPU.Build.0 = Release|Any CPU
		{9AA68D28-4477-49CF-BFE9-7FDCADF4F690}.Debug|Any CPU.ActiveCfg = Debug|Any CPU
		{9AA68D28-4477-49CF-BFE9-7FDCADF4F690}.Debug|Any CPU.Build.0 = Debug|Any CPU
		{9AA68D28-4477-49CF-BFE9-7FDCADF4F690}.Release|Any CPU.ActiveCfg = Release|Any CPU
		{9AA68D28-4477-49CF-BFE9-7FDCADF4F690}.Release|Any CPU.Build.0 = Release|Any CPU
		{84E61E83-FE4F-4CA7-A56A-5F2B84117EB9}.Debug|Any CPU.ActiveCfg = Debug|Any CPU
		{84E61E83-FE4F-4CA7-A56A-5F2B84117EB9}.Debug|Any CPU.Build.0 = Debug|Any CPU
		{84E61E83-FE4F-4CA7-A56A-5F2B84117EB9}.Release|Any CPU.ActiveCfg = Release|Any CPU
		{84E61E83-FE4F-4CA7-A56A-5F2B84117EB9}.Release|Any CPU.Build.0 = Release|Any CPU
		{107BFA7A-AFF8-49CF-8249-4D9CB8E9C06E}.Debug|Any CPU.ActiveCfg = Debug|Any CPU
		{107BFA7A-AFF8-49CF-8249-4D9CB8E9C06E}.Debug|Any CPU.Build.0 = Debug|Any CPU
		{107BFA7A-AFF8-49CF-8249-4D9CB8E9C06E}.Release|Any CPU.ActiveCfg = Release|Any CPU
		{107BFA7A-AFF8-49CF-8249-4D9CB8E9C06E}.Release|Any CPU.Build.0 = Release|Any CPU
		{C1DEE4F6-ACBB-4618-9459-9FE2C7C2355B}.Debug|Any CPU.ActiveCfg = Debug|Any CPU
		{C1DEE4F6-ACBB-4618-9459-9FE2C7C2355B}.Debug|Any CPU.Build.0 = Debug|Any CPU
		{C1DEE4F6-ACBB-4618-9459-9FE2C7C2355B}.Release|Any CPU.ActiveCfg = Release|Any CPU
		{C1DEE4F6-ACBB-4618-9459-9FE2C7C2355B}.Release|Any CPU.Build.0 = Release|Any CPU
		{3FABD5F7-65FF-443B-837D-C47DEAB52AB0}.Debug|Any CPU.ActiveCfg = Debug|Any CPU
		{3FABD5F7-65FF-443B-837D-C47DEAB52AB0}.Debug|Any CPU.Build.0 = Debug|Any CPU
		{3FABD5F7-65FF-443B-837D-C47DEAB52AB0}.Release|Any CPU.ActiveCfg = Release|Any CPU
		{3FABD5F7-65FF-443B-837D-C47DEAB52AB0}.Release|Any CPU.Build.0 = Release|Any CPU
		{A7468551-A362-4FFD-AC8E-06300A367646}.Debug|Any CPU.ActiveCfg = Debug|Any CPU
		{A7468551-A362-4FFD-AC8E-06300A367646}.Debug|Any CPU.Build.0 = Debug|Any CPU
		{A7468551-A362-4FFD-AC8E-06300A367646}.Release|Any CPU.ActiveCfg = Release|Any CPU
		{A7468551-A362-4FFD-AC8E-06300A367646}.Release|Any CPU.Build.0 = Release|Any CPU
		{D2B33FA4-CD2E-49E4-9CAB-59591883FA10}.Debug|Any CPU.ActiveCfg = Debug|Any CPU
		{D2B33FA4-CD2E-49E4-9CAB-59591883FA10}.Debug|Any CPU.Build.0 = Debug|Any CPU
		{D2B33FA4-CD2E-49E4-9CAB-59591883FA10}.Release|Any CPU.ActiveCfg = Release|Any CPU
		{D2B33FA4-CD2E-49E4-9CAB-59591883FA10}.Release|Any CPU.Build.0 = Release|Any CPU
		{E835896C-ABD2-4A7E-BFDC-07FC023E2A54}.Debug|Any CPU.ActiveCfg = Debug|Any CPU
		{E835896C-ABD2-4A7E-BFDC-07FC023E2A54}.Debug|Any CPU.Build.0 = Debug|Any CPU
		{E835896C-ABD2-4A7E-BFDC-07FC023E2A54}.Release|Any CPU.ActiveCfg = Release|Any CPU
		{E835896C-ABD2-4A7E-BFDC-07FC023E2A54}.Release|Any CPU.Build.0 = Release|Any CPU
		{0B07016C-EEF3-45FC-990C-015412539307}.Debug|Any CPU.ActiveCfg = Debug|Any CPU
		{0B07016C-EEF3-45FC-990C-015412539307}.Debug|Any CPU.Build.0 = Debug|Any CPU
		{0B07016C-EEF3-45FC-990C-015412539307}.Release|Any CPU.ActiveCfg = Release|Any CPU
		{0B07016C-EEF3-45FC-990C-015412539307}.Release|Any CPU.Build.0 = Release|Any CPU
		{87289A21-434C-42B0-88FF-E4F193FB18D9}.Debug|Any CPU.ActiveCfg = Debug|Any CPU
		{87289A21-434C-42B0-88FF-E4F193FB18D9}.Debug|Any CPU.Build.0 = Debug|Any CPU
		{87289A21-434C-42B0-88FF-E4F193FB18D9}.Release|Any CPU.ActiveCfg = Release|Any CPU
		{87289A21-434C-42B0-88FF-E4F193FB18D9}.Release|Any CPU.Build.0 = Release|Any CPU
		{B67FAE47-5560-468B-8AB3-15B34F679812}.Debug|Any CPU.ActiveCfg = Debug|Any CPU
		{B67FAE47-5560-468B-8AB3-15B34F679812}.Debug|Any CPU.Build.0 = Debug|Any CPU
		{B67FAE47-5560-468B-8AB3-15B34F679812}.Release|Any CPU.ActiveCfg = Release|Any CPU
		{B67FAE47-5560-468B-8AB3-15B34F679812}.Release|Any CPU.Build.0 = Release|Any CPU
		{25F28801-C75C-4BF0-AEA4-A71BEF30EBF2}.Debug|Any CPU.ActiveCfg = Debug|Any CPU
		{25F28801-C75C-4BF0-AEA4-A71BEF30EBF2}.Debug|Any CPU.Build.0 = Debug|Any CPU
		{25F28801-C75C-4BF0-AEA4-A71BEF30EBF2}.Release|Any CPU.ActiveCfg = Release|Any CPU
		{25F28801-C75C-4BF0-AEA4-A71BEF30EBF2}.Release|Any CPU.Build.0 = Release|Any CPU
		{6EACA440-D88D-4ACC-8B58-9889BB58A7FB}.Debug|Any CPU.ActiveCfg = Debug|Any CPU
		{6EACA440-D88D-4ACC-8B58-9889BB58A7FB}.Debug|Any CPU.Build.0 = Debug|Any CPU
		{6EACA440-D88D-4ACC-8B58-9889BB58A7FB}.Release|Any CPU.ActiveCfg = Release|Any CPU
		{6EACA440-D88D-4ACC-8B58-9889BB58A7FB}.Release|Any CPU.Build.0 = Release|Any CPU
		{D7AF7CB4-4BDC-4596-B1D8-27FC61991F65}.Debug|Any CPU.ActiveCfg = Debug|Any CPU
		{D7AF7CB4-4BDC-4596-B1D8-27FC61991F65}.Debug|Any CPU.Build.0 = Debug|Any CPU
		{D7AF7CB4-4BDC-4596-B1D8-27FC61991F65}.Release|Any CPU.ActiveCfg = Release|Any CPU
		{D7AF7CB4-4BDC-4596-B1D8-27FC61991F65}.Release|Any CPU.Build.0 = Release|Any CPU
		{0BFDF464-ADB0-4EE4-9F8B-A8FB21CE1F2C}.Debug|Any CPU.ActiveCfg = Debug|Any CPU
		{0BFDF464-ADB0-4EE4-9F8B-A8FB21CE1F2C}.Debug|Any CPU.Build.0 = Debug|Any CPU
		{0BFDF464-ADB0-4EE4-9F8B-A8FB21CE1F2C}.Release|Any CPU.ActiveCfg = Release|Any CPU
		{0BFDF464-ADB0-4EE4-9F8B-A8FB21CE1F2C}.Release|Any CPU.Build.0 = Release|Any CPU
		{755A7FCA-06DB-417A-8641-8CC29C2D162A}.Debug|Any CPU.ActiveCfg = Debug|Any CPU
		{755A7FCA-06DB-417A-8641-8CC29C2D162A}.Debug|Any CPU.Build.0 = Debug|Any CPU
		{755A7FCA-06DB-417A-8641-8CC29C2D162A}.Release|Any CPU.ActiveCfg = Release|Any CPU
		{755A7FCA-06DB-417A-8641-8CC29C2D162A}.Release|Any CPU.Build.0 = Release|Any CPU
		{E807977E-5787-43F7-BBFB-B9C8DE55E1A4}.Debug|Any CPU.ActiveCfg = Debug|Any CPU
		{E807977E-5787-43F7-BBFB-B9C8DE55E1A4}.Debug|Any CPU.Build.0 = Debug|Any CPU
		{E807977E-5787-43F7-BBFB-B9C8DE55E1A4}.Release|Any CPU.ActiveCfg = Release|Any CPU
		{E807977E-5787-43F7-BBFB-B9C8DE55E1A4}.Release|Any CPU.Build.0 = Release|Any CPU
		{286ECE18-BD00-4DED-9F63-CE647273AEB4}.Debug|Any CPU.ActiveCfg = Debug|Any CPU
		{286ECE18-BD00-4DED-9F63-CE647273AEB4}.Debug|Any CPU.Build.0 = Debug|Any CPU
		{286ECE18-BD00-4DED-9F63-CE647273AEB4}.Release|Any CPU.ActiveCfg = Release|Any CPU
		{286ECE18-BD00-4DED-9F63-CE647273AEB4}.Release|Any CPU.Build.0 = Release|Any CPU
		{AB59BE22-EC98-410B-9E63-8C68EE94E127}.Debug|Any CPU.ActiveCfg = Debug|Any CPU
		{AB59BE22-EC98-410B-9E63-8C68EE94E127}.Debug|Any CPU.Build.0 = Debug|Any CPU
		{AB59BE22-EC98-410B-9E63-8C68EE94E127}.Release|Any CPU.ActiveCfg = Release|Any CPU
		{AB59BE22-EC98-410B-9E63-8C68EE94E127}.Release|Any CPU.Build.0 = Release|Any CPU
		{BF8103E4-A7C7-4461-9EA8-1B75C7C8B845}.Debug|Any CPU.ActiveCfg = Debug|Any CPU
		{BF8103E4-A7C7-4461-9EA8-1B75C7C8B845}.Debug|Any CPU.Build.0 = Debug|Any CPU
		{BF8103E4-A7C7-4461-9EA8-1B75C7C8B845}.Release|Any CPU.ActiveCfg = Release|Any CPU
		{BF8103E4-A7C7-4461-9EA8-1B75C7C8B845}.Release|Any CPU.Build.0 = Release|Any CPU
		{8065171C-1458-4F34-973D-3EB50ACC4DCC}.Debug|Any CPU.ActiveCfg = Debug|Any CPU
		{8065171C-1458-4F34-973D-3EB50ACC4DCC}.Debug|Any CPU.Build.0 = Debug|Any CPU
		{8065171C-1458-4F34-973D-3EB50ACC4DCC}.Release|Any CPU.ActiveCfg = Release|Any CPU
		{8065171C-1458-4F34-973D-3EB50ACC4DCC}.Release|Any CPU.Build.0 = Release|Any CPU
		{20EC1196-8590-48EA-871A-5C06986F4605}.Debug|Any CPU.ActiveCfg = Debug|Any CPU
		{20EC1196-8590-48EA-871A-5C06986F4605}.Debug|Any CPU.Build.0 = Debug|Any CPU
		{20EC1196-8590-48EA-871A-5C06986F4605}.Release|Any CPU.ActiveCfg = Release|Any CPU
		{20EC1196-8590-48EA-871A-5C06986F4605}.Release|Any CPU.Build.0 = Release|Any CPU
		{56F83CD6-B43A-490E-8CB1-3392C5DA4B0A}.Debug|Any CPU.ActiveCfg = Debug|Any CPU
		{56F83CD6-B43A-490E-8CB1-3392C5DA4B0A}.Debug|Any CPU.Build.0 = Debug|Any CPU
		{56F83CD6-B43A-490E-8CB1-3392C5DA4B0A}.Release|Any CPU.ActiveCfg = Release|Any CPU
		{56F83CD6-B43A-490E-8CB1-3392C5DA4B0A}.Release|Any CPU.Build.0 = Release|Any CPU
		{C08701F8-9C3C-4AA3-B970-769E6631D20B}.Debug|Any CPU.ActiveCfg = Debug|Any CPU
		{C08701F8-9C3C-4AA3-B970-769E6631D20B}.Debug|Any CPU.Build.0 = Debug|Any CPU
		{C08701F8-9C3C-4AA3-B970-769E6631D20B}.Release|Any CPU.ActiveCfg = Release|Any CPU
		{C08701F8-9C3C-4AA3-B970-769E6631D20B}.Release|Any CPU.Build.0 = Release|Any CPU
		{2FF76ACA-3374-4097-AA92-11C98C941BC0}.Debug|Any CPU.ActiveCfg = Debug|Any CPU
		{2FF76ACA-3374-4097-AA92-11C98C941BC0}.Debug|Any CPU.Build.0 = Debug|Any CPU
		{2FF76ACA-3374-4097-AA92-11C98C941BC0}.Release|Any CPU.ActiveCfg = Release|Any CPU
		{2FF76ACA-3374-4097-AA92-11C98C941BC0}.Release|Any CPU.Build.0 = Release|Any CPU
		{266E58B1-250A-4B58-B823-121C5DDE8FA3}.Debug|Any CPU.ActiveCfg = Debug|Any CPU
		{266E58B1-250A-4B58-B823-121C5DDE8FA3}.Debug|Any CPU.Build.0 = Debug|Any CPU
		{266E58B1-250A-4B58-B823-121C5DDE8FA3}.Release|Any CPU.ActiveCfg = Release|Any CPU
		{266E58B1-250A-4B58-B823-121C5DDE8FA3}.Release|Any CPU.Build.0 = Release|Any CPU
		{1E078C17-4D20-44F7-959E-381869AD1B9C}.Debug|Any CPU.ActiveCfg = Debug|Any CPU
		{1E078C17-4D20-44F7-959E-381869AD1B9C}.Debug|Any CPU.Build.0 = Debug|Any CPU
		{1E078C17-4D20-44F7-959E-381869AD1B9C}.Release|Any CPU.ActiveCfg = Release|Any CPU
		{1E078C17-4D20-44F7-959E-381869AD1B9C}.Release|Any CPU.Build.0 = Release|Any CPU
		{E498013B-1B89-4271-84AF-BF7881BD1144}.Debug|Any CPU.ActiveCfg = Debug|Any CPU
		{E498013B-1B89-4271-84AF-BF7881BD1144}.Debug|Any CPU.Build.0 = Debug|Any CPU
		{E498013B-1B89-4271-84AF-BF7881BD1144}.Release|Any CPU.ActiveCfg = Release|Any CPU
		{E498013B-1B89-4271-84AF-BF7881BD1144}.Release|Any CPU.Build.0 = Release|Any CPU
		{B093C0FF-1AE9-4853-AAF5-8D355D5E6B55}.Debug|Any CPU.ActiveCfg = Debug|Any CPU
		{B093C0FF-1AE9-4853-AAF5-8D355D5E6B55}.Debug|Any CPU.Build.0 = Debug|Any CPU
		{B093C0FF-1AE9-4853-AAF5-8D355D5E6B55}.Release|Any CPU.ActiveCfg = Release|Any CPU
		{B093C0FF-1AE9-4853-AAF5-8D355D5E6B55}.Release|Any CPU.Build.0 = Release|Any CPU
		{EB9E152C-654D-4E90-9975-59294C1DE829}.Debug|Any CPU.ActiveCfg = Debug|Any CPU
		{EB9E152C-654D-4E90-9975-59294C1DE829}.Debug|Any CPU.Build.0 = Debug|Any CPU
		{EB9E152C-654D-4E90-9975-59294C1DE829}.Release|Any CPU.ActiveCfg = Release|Any CPU
		{EB9E152C-654D-4E90-9975-59294C1DE829}.Release|Any CPU.Build.0 = Release|Any CPU
		{944DEAFF-A35D-493B-9446-52165D8B3044}.Debug|Any CPU.ActiveCfg = Debug|Any CPU
		{944DEAFF-A35D-493B-9446-52165D8B3044}.Debug|Any CPU.Build.0 = Debug|Any CPU
		{944DEAFF-A35D-493B-9446-52165D8B3044}.Release|Any CPU.ActiveCfg = Release|Any CPU
		{944DEAFF-A35D-493B-9446-52165D8B3044}.Release|Any CPU.Build.0 = Release|Any CPU
		{F43BA52F-8A94-4E98-BEDB-96FC9EB085FB}.Debug|Any CPU.ActiveCfg = Debug|Any CPU
		{F43BA52F-8A94-4E98-BEDB-96FC9EB085FB}.Debug|Any CPU.Build.0 = Debug|Any CPU
		{F43BA52F-8A94-4E98-BEDB-96FC9EB085FB}.Release|Any CPU.ActiveCfg = Release|Any CPU
		{F43BA52F-8A94-4E98-BEDB-96FC9EB085FB}.Release|Any CPU.Build.0 = Release|Any CPU
		{77E4F223-3331-4A63-AB32-FC5D59E5DBE6}.Debug|Any CPU.ActiveCfg = Debug|Any CPU
		{77E4F223-3331-4A63-AB32-FC5D59E5DBE6}.Debug|Any CPU.Build.0 = Debug|Any CPU
		{77E4F223-3331-4A63-AB32-FC5D59E5DBE6}.Release|Any CPU.ActiveCfg = Release|Any CPU
		{77E4F223-3331-4A63-AB32-FC5D59E5DBE6}.Release|Any CPU.Build.0 = Release|Any CPU
		{E8D4CC6F-6878-4877-B8EE-46E053ACAC81}.Debug|Any CPU.ActiveCfg = Debug|Any CPU
		{E8D4CC6F-6878-4877-B8EE-46E053ACAC81}.Debug|Any CPU.Build.0 = Debug|Any CPU
		{E8D4CC6F-6878-4877-B8EE-46E053ACAC81}.Release|Any CPU.ActiveCfg = Release|Any CPU
		{E8D4CC6F-6878-4877-B8EE-46E053ACAC81}.Release|Any CPU.Build.0 = Release|Any CPU
		{DF6C3EA4-A276-4D0B-A6B3-17BA0FE00B61}.Debug|Any CPU.ActiveCfg = Debug|Any CPU
		{DF6C3EA4-A276-4D0B-A6B3-17BA0FE00B61}.Debug|Any CPU.Build.0 = Debug|Any CPU
		{DF6C3EA4-A276-4D0B-A6B3-17BA0FE00B61}.Release|Any CPU.ActiveCfg = Release|Any CPU
		{DF6C3EA4-A276-4D0B-A6B3-17BA0FE00B61}.Release|Any CPU.Build.0 = Release|Any CPU
		{E5BFF0E8-E50D-485B-B672-482485E4413A}.Debug|Any CPU.ActiveCfg = Debug|Any CPU
		{E5BFF0E8-E50D-485B-B672-482485E4413A}.Debug|Any CPU.Build.0 = Debug|Any CPU
		{E5BFF0E8-E50D-485B-B672-482485E4413A}.Release|Any CPU.ActiveCfg = Release|Any CPU
		{E5BFF0E8-E50D-485B-B672-482485E4413A}.Release|Any CPU.Build.0 = Release|Any CPU
		{05D7AA54-0941-483A-BF06-806265BD6BDF}.Debug|Any CPU.ActiveCfg = Debug|Any CPU
		{05D7AA54-0941-483A-BF06-806265BD6BDF}.Debug|Any CPU.Build.0 = Debug|Any CPU
		{05D7AA54-0941-483A-BF06-806265BD6BDF}.Release|Any CPU.ActiveCfg = Release|Any CPU
		{05D7AA54-0941-483A-BF06-806265BD6BDF}.Release|Any CPU.Build.0 = Release|Any CPU
		{B4D8BB29-5CED-4479-A736-861D13FB4575}.Debug|Any CPU.ActiveCfg = Debug|Any CPU
		{B4D8BB29-5CED-4479-A736-861D13FB4575}.Debug|Any CPU.Build.0 = Debug|Any CPU
		{B4D8BB29-5CED-4479-A736-861D13FB4575}.Release|Any CPU.ActiveCfg = Release|Any CPU
		{B4D8BB29-5CED-4479-A736-861D13FB4575}.Release|Any CPU.Build.0 = Release|Any CPU
		{6D36590E-134E-491B-AFF5-076284263588}.Debug|Any CPU.ActiveCfg = Debug|Any CPU
		{6D36590E-134E-491B-AFF5-076284263588}.Debug|Any CPU.Build.0 = Debug|Any CPU
		{6D36590E-134E-491B-AFF5-076284263588}.Release|Any CPU.ActiveCfg = Release|Any CPU
		{6D36590E-134E-491B-AFF5-076284263588}.Release|Any CPU.Build.0 = Release|Any CPU
		{969DEF1D-8643-4D0F-A86D-F6CFA7B03EEB}.Debug|Any CPU.ActiveCfg = Debug|Any CPU
		{969DEF1D-8643-4D0F-A86D-F6CFA7B03EEB}.Debug|Any CPU.Build.0 = Debug|Any CPU
		{969DEF1D-8643-4D0F-A86D-F6CFA7B03EEB}.Release|Any CPU.ActiveCfg = Release|Any CPU
		{969DEF1D-8643-4D0F-A86D-F6CFA7B03EEB}.Release|Any CPU.Build.0 = Release|Any CPU
		{970D7821-ACEC-4646-9BF7-205722605DD1}.Debug|Any CPU.ActiveCfg = Debug|Any CPU
		{970D7821-ACEC-4646-9BF7-205722605DD1}.Debug|Any CPU.Build.0 = Debug|Any CPU
		{970D7821-ACEC-4646-9BF7-205722605DD1}.Release|Any CPU.ActiveCfg = Release|Any CPU
		{970D7821-ACEC-4646-9BF7-205722605DD1}.Release|Any CPU.Build.0 = Release|Any CPU
		{C458C99B-FBDA-4405-92FB-F39C03C65073}.Debug|Any CPU.ActiveCfg = Debug|Any CPU
		{C458C99B-FBDA-4405-92FB-F39C03C65073}.Debug|Any CPU.Build.0 = Debug|Any CPU
		{C458C99B-FBDA-4405-92FB-F39C03C65073}.Release|Any CPU.ActiveCfg = Release|Any CPU
		{C458C99B-FBDA-4405-92FB-F39C03C65073}.Release|Any CPU.Build.0 = Release|Any CPU
		{747B2389-7680-4A2D-8C0E-5D3FE2ABA0AE}.Debug|Any CPU.ActiveCfg = Debug|Any CPU
		{747B2389-7680-4A2D-8C0E-5D3FE2ABA0AE}.Debug|Any CPU.Build.0 = Debug|Any CPU
		{747B2389-7680-4A2D-8C0E-5D3FE2ABA0AE}.Release|Any CPU.ActiveCfg = Release|Any CPU
		{747B2389-7680-4A2D-8C0E-5D3FE2ABA0AE}.Release|Any CPU.Build.0 = Release|Any CPU
		{EA544A16-3317-486D-9EFC-60FEB3428CCF}.Debug|Any CPU.ActiveCfg = Debug|Any CPU
		{EA544A16-3317-486D-9EFC-60FEB3428CCF}.Debug|Any CPU.Build.0 = Debug|Any CPU
		{EA544A16-3317-486D-9EFC-60FEB3428CCF}.Release|Any CPU.ActiveCfg = Release|Any CPU
		{EA544A16-3317-486D-9EFC-60FEB3428CCF}.Release|Any CPU.Build.0 = Release|Any CPU
		{9EF88279-CDA3-487E-8710-633B5216681A}.Debug|Any CPU.ActiveCfg = Debug|Any CPU
		{9EF88279-CDA3-487E-8710-633B5216681A}.Debug|Any CPU.Build.0 = Debug|Any CPU
		{9EF88279-CDA3-487E-8710-633B5216681A}.Release|Any CPU.ActiveCfg = Release|Any CPU
		{9EF88279-CDA3-487E-8710-633B5216681A}.Release|Any CPU.Build.0 = Release|Any CPU
		{4E7063C4-508D-47FD-B20F-0978C16C9101}.Debug|Any CPU.ActiveCfg = Debug|Any CPU
		{4E7063C4-508D-47FD-B20F-0978C16C9101}.Debug|Any CPU.Build.0 = Debug|Any CPU
		{4E7063C4-508D-47FD-B20F-0978C16C9101}.Release|Any CPU.ActiveCfg = Release|Any CPU
		{4E7063C4-508D-47FD-B20F-0978C16C9101}.Release|Any CPU.Build.0 = Release|Any CPU
		{0FAA5275-0413-4E60-82D2-FB72D95D1846}.Debug|Any CPU.ActiveCfg = Debug|Any CPU
		{0FAA5275-0413-4E60-82D2-FB72D95D1846}.Debug|Any CPU.Build.0 = Debug|Any CPU
		{0FAA5275-0413-4E60-82D2-FB72D95D1846}.Release|Any CPU.ActiveCfg = Release|Any CPU
		{0FAA5275-0413-4E60-82D2-FB72D95D1846}.Release|Any CPU.Build.0 = Release|Any CPU
		{7CB1848E-8F9B-456C-9C0C-45C70886F9F7}.Debug|Any CPU.ActiveCfg = Debug|Any CPU
		{7CB1848E-8F9B-456C-9C0C-45C70886F9F7}.Debug|Any CPU.Build.0 = Debug|Any CPU
		{7CB1848E-8F9B-456C-9C0C-45C70886F9F7}.Release|Any CPU.ActiveCfg = Release|Any CPU
		{7CB1848E-8F9B-456C-9C0C-45C70886F9F7}.Release|Any CPU.Build.0 = Release|Any CPU
		{E2C53794-5851-4931-8971-A14C5E103749}.Debug|Any CPU.ActiveCfg = Debug|Any CPU
		{E2C53794-5851-4931-8971-A14C5E103749}.Debug|Any CPU.Build.0 = Debug|Any CPU
		{E2C53794-5851-4931-8971-A14C5E103749}.Release|Any CPU.ActiveCfg = Release|Any CPU
		{E2C53794-5851-4931-8971-A14C5E103749}.Release|Any CPU.Build.0 = Release|Any CPU
		{DFA23F8C-D32C-4849-9C2C-A2D3AC46A6AD}.Debug|Any CPU.ActiveCfg = Debug|Any CPU
		{DFA23F8C-D32C-4849-9C2C-A2D3AC46A6AD}.Debug|Any CPU.Build.0 = Debug|Any CPU
		{DFA23F8C-D32C-4849-9C2C-A2D3AC46A6AD}.Release|Any CPU.ActiveCfg = Release|Any CPU
		{DFA23F8C-D32C-4849-9C2C-A2D3AC46A6AD}.Release|Any CPU.Build.0 = Release|Any CPU
	EndGlobalSection
	GlobalSection(SolutionProperties) = preSolution
		HideSolutionNode = FALSE
	EndGlobalSection
	GlobalSection(NestedProjects) = preSolution
		{1BFBF81D-2F5B-4118-82BE-8408263FAFDB} = {4D4FBA29-9D0D-4394-987F-F3A10B7CD39E}
		{ADA1C421-ACC4-4FD9-8436-8CCE9865DCF4} = {4D4FBA29-9D0D-4394-987F-F3A10B7CD39E}
		{9AA68D28-4477-49CF-BFE9-7FDCADF4F690} = {4D4FBA29-9D0D-4394-987F-F3A10B7CD39E}
		{84E61E83-FE4F-4CA7-A56A-5F2B84117EB9} = {4D4FBA29-9D0D-4394-987F-F3A10B7CD39E}
		{107BFA7A-AFF8-49CF-8249-4D9CB8E9C06E} = {4D4FBA29-9D0D-4394-987F-F3A10B7CD39E}
		{C1DEE4F6-ACBB-4618-9459-9FE2C7C2355B} = {4D4FBA29-9D0D-4394-987F-F3A10B7CD39E}
		{3FABD5F7-65FF-443B-837D-C47DEAB52AB0} = {4D4FBA29-9D0D-4394-987F-F3A10B7CD39E}
		{A7468551-A362-4FFD-AC8E-06300A367646} = {4D4FBA29-9D0D-4394-987F-F3A10B7CD39E}
		{D2B33FA4-CD2E-49E4-9CAB-59591883FA10} = {4D4FBA29-9D0D-4394-987F-F3A10B7CD39E}
		{E835896C-ABD2-4A7E-BFDC-07FC023E2A54} = {4D4FBA29-9D0D-4394-987F-F3A10B7CD39E}
		{0B07016C-EEF3-45FC-990C-015412539307} = {4D4FBA29-9D0D-4394-987F-F3A10B7CD39E}
		{87289A21-434C-42B0-88FF-E4F193FB18D9} = {4D4FBA29-9D0D-4394-987F-F3A10B7CD39E}
		{B67FAE47-5560-468B-8AB3-15B34F679812} = {4D4FBA29-9D0D-4394-987F-F3A10B7CD39E}
		{25F28801-C75C-4BF0-AEA4-A71BEF30EBF2} = {4D4FBA29-9D0D-4394-987F-F3A10B7CD39E}
		{6EACA440-D88D-4ACC-8B58-9889BB58A7FB} = {4D4FBA29-9D0D-4394-987F-F3A10B7CD39E}
		{D7AF7CB4-4BDC-4596-B1D8-27FC61991F65} = {4D4FBA29-9D0D-4394-987F-F3A10B7CD39E}
		{0BFDF464-ADB0-4EE4-9F8B-A8FB21CE1F2C} = {4D4FBA29-9D0D-4394-987F-F3A10B7CD39E}
		{755A7FCA-06DB-417A-8641-8CC29C2D162A} = {4D4FBA29-9D0D-4394-987F-F3A10B7CD39E}
		{BF8103E4-A7C7-4461-9EA8-1B75C7C8B845} = {103A06C2-2617-4979-B92E-1453240040F8}
		{8065171C-1458-4F34-973D-3EB50ACC4DCC} = {103A06C2-2617-4979-B92E-1453240040F8}
		{20EC1196-8590-48EA-871A-5C06986F4605} = {103A06C2-2617-4979-B92E-1453240040F8}
		{56F83CD6-B43A-490E-8CB1-3392C5DA4B0A} = {103A06C2-2617-4979-B92E-1453240040F8}
		{C08701F8-9C3C-4AA3-B970-769E6631D20B} = {103A06C2-2617-4979-B92E-1453240040F8}
		{2FF76ACA-3374-4097-AA92-11C98C941BC0} = {103A06C2-2617-4979-B92E-1453240040F8}
		{266E58B1-250A-4B58-B823-121C5DDE8FA3} = {103A06C2-2617-4979-B92E-1453240040F8}
		{1E078C17-4D20-44F7-959E-381869AD1B9C} = {AC598F3E-FC84-4D82-878C-8526BF946D64}
		{E498013B-1B89-4271-84AF-BF7881BD1144} = {AC598F3E-FC84-4D82-878C-8526BF946D64}
		{B093C0FF-1AE9-4853-AAF5-8D355D5E6B55} = {AC598F3E-FC84-4D82-878C-8526BF946D64}
		{EB9E152C-654D-4E90-9975-59294C1DE829} = {AC598F3E-FC84-4D82-878C-8526BF946D64}
		{944DEAFF-A35D-493B-9446-52165D8B3044} = {AC598F3E-FC84-4D82-878C-8526BF946D64}
		{F43BA52F-8A94-4E98-BEDB-96FC9EB085FB} = {AC598F3E-FC84-4D82-878C-8526BF946D64}
		{77E4F223-3331-4A63-AB32-FC5D59E5DBE6} = {AC598F3E-FC84-4D82-878C-8526BF946D64}
		{E8D4CC6F-6878-4877-B8EE-46E053ACAC81} = {58F6797D-FB0E-4F04-9132-9D406AF45261}
		{DF6C3EA4-A276-4D0B-A6B3-17BA0FE00B61} = {58F6797D-FB0E-4F04-9132-9D406AF45261}
		{E5BFF0E8-E50D-485B-B672-482485E4413A} = {4D4FBA29-9D0D-4394-987F-F3A10B7CD39E}
		{05D7AA54-0941-483A-BF06-806265BD6BDF} = {4D4FBA29-9D0D-4394-987F-F3A10B7CD39E}
		{B4D8BB29-5CED-4479-A736-861D13FB4575} = {4D4FBA29-9D0D-4394-987F-F3A10B7CD39E}
		{6D36590E-134E-491B-AFF5-076284263588} = {4D4FBA29-9D0D-4394-987F-F3A10B7CD39E}
		{10CD6C3C-9448-49FE-B72F-BBFDE53F3032} = {103A06C2-2617-4979-B92E-1453240040F8}
		{969DEF1D-8643-4D0F-A86D-F6CFA7B03EEB} = {10CD6C3C-9448-49FE-B72F-BBFDE53F3032}
		{970D7821-ACEC-4646-9BF7-205722605DD1} = {10CD6C3C-9448-49FE-B72F-BBFDE53F3032}
		{EA544A16-3317-486D-9EFC-60FEB3428CCF} = {AC598F3E-FC84-4D82-878C-8526BF946D64}
		{2B7D6751-B489-40E2-ACDE-E6B1BFBBF833} = {103A06C2-2617-4979-B92E-1453240040F8}
		{4E7063C4-508D-47FD-B20F-0978C16C9101} = {2B7D6751-B489-40E2-ACDE-E6B1BFBBF833}
		{0FAA5275-0413-4E60-82D2-FB72D95D1846} = {2B7D6751-B489-40E2-ACDE-E6B1BFBBF833}
		{CFD4CEC0-5CB5-44D0-94D9-203866685E0A} = {103A06C2-2617-4979-B92E-1453240040F8}
		{7CB1848E-8F9B-456C-9C0C-45C70886F9F7} = {CFD4CEC0-5CB5-44D0-94D9-203866685E0A}
		{E2C53794-5851-4931-8971-A14C5E103749} = {CFD4CEC0-5CB5-44D0-94D9-203866685E0A}
		{DFA23F8C-D32C-4849-9C2C-A2D3AC46A6AD} = {CFD4CEC0-5CB5-44D0-94D9-203866685E0A}
	EndGlobalSection
	GlobalSection(ExtensibilityGlobals) = postSolution
		SolutionGuid = {D1DB2960-916E-45E9-A714-A68F0632CBA3}
	EndGlobalSection
EndGlobal
